{
  "name": "rent-a-ref",
  "version": "1.0.0",
  "lockfileVersion": 1,
  "requires": true,
  "dependencies": {
    "@types/node": {
      "version": "8.0.32",
      "resolved": "https://registry.npmjs.org/@types/node/-/node-8.0.32.tgz",
      "integrity": "sha512-n1zzgeQehndikZc/8N4rGSZc99cO6Tb3OInKzvWYniJsT/jet3m57buaBFa5cMeVNFosN4PKZ2LM1y16CFD7Rg==",
      "dev": true
    }
  }
}
